{
  "name": "City Complain Frontend",
  "lockfileVersion": 3,
  "requires": true,
  "packages": {
    "": {
      "dependencies": {
        "lucide-react": "^1.48.0",
        "react-icons": "^5.7.0"
      },
      "devDependencies": {
        "daisyui": "^5.7.46"
      }
    },
    "node_modules/daisyui": {
      "version": "5.7.46",
      "resolved": "https://registry.npmjs.org/daisyui/-/daisyui-5.7.46.tgz",
      "integrity": "sha512-z/tfVXLpLRe1ojGeokzxauHA9Ij5CGfk+83EdatQbFSVr02h5mUcp4nkgQJOw68wH1wAAPu/SY+MWbDdJG2R4w==",
      "dev": true,
      "license": "MIT",
      "funding": {
        "url": "https://github.com/saadeghi/daisyui?sponsor=1"
      }
    },
    "node_modules/lucide-react": {
      "version": "1.48.0",
      "resolved": "https://registry.npmjs.org/lucide-react/-/lucide-react-1.48.0.tgz",
      "integrity": "sha512-R0CIKY/fXiC6y9xRBADgsK+VW2p/pcTJOMhLZf1T+uG+vJUvyUR02nGOgmIIC7MPkiNK4Ox8QDnbqF8rJYWPZQ==",
      "license": "ISC",
      "peerDependencies": {
        "react": "^16.5.1 || ^17.0.0 || ^18.0.0 || ^19.0.0"
      }
    },
    "node_modules/react": {
      "version": "19.3.0",
      "resolved": "https://registry.npmjs.org/react/-/react-19.3.0.tgz",
      "integrity": "sha512-E8LUcbtBWt20bbl2YoHfx4ZDBdxVTfOKtCZn9cDSJ4l6/nuoApcpIBcj47t2wZoVX8g2ZHuMHbiShgCR1T5Sog==",
      "license": "MIT",
      "peer": true,
      "engines": {
        "node": ">=0.10.0"
      }
    },
    "node_modules/react-icons": {
      "version": "5.7.0",
      "resolved": "https://registry.npmjs.org/react-icons/-/react-icons-5.7.0.tgz",
      "integrity": "sha512-LBLy340Rzqy6+/yVhZKT3B/QpP1BZaesGqasf09HPOBzRarcDIFH0WwXlXQfE7q7ipxK4MSiC5DIBWURCny6fw==",
      "license": "MIT",
      "peerDependencies": {
        "react": "*"
      }
    }
  }
}
